
Microsoft Visual Studio Solution File, Format Version 12.00
# Visual Studio Version 16
VisualStudioVersion = 16.0.29519.181
MinimumVisualStudioVersion = 10.0.40219.1
Project("{FAE04EC0-301F-11D3-BF4B-00C04F79EFBC}") = "SampleDatabaseWalkthrough", "SampleDatabaseWalkthrough\SampleDatabaseWalkthrough.csproj", "{857202DA-7F22-40D5-BEBF-106C757DF028}"
EndProject
Global
	GlobalSection(SolutionConfigurationPlatforms) = preSolution
		Debug|Any CPU = Debug|Any CPU
		Release|Any CPU = Release|Any CPU
	EndGlobalSection
	GlobalSection(ProjectConfigurationPlatforms) = postSolution
		{857202DA-7F22-40D5-BEBF-106C757DF028}.Debug|Any CPU.ActiveCfg = Debug|Any CPU
		{857202DA-7F22-40D5-BEBF-106C757DF028}.Debug|Any CPU.Build.0 = Debug|Any CPU
		{857202DA-7F22-40D5-BEBF-106C757DF028}.Release|Any CPU.ActiveCfg = Release|Any CPU
		{857202DA-7F22-40D5-BEBF-106C757DF028}.Release|Any CPU.Build.0 = Release|Any CPU
	EndGlobalSection
	GlobalSection(SolutionProperties) = preSolution
		HideSolutionNode = FALSE
	EndGlobalSection
	GlobalSection(ExtensibilityGlobals) = postSolution
		SolutionGuid = {A63595D4-D32D-4EE2-9151-7D25D88E38E9}
	EndGlobalSection
EndGlobal
